
Microsoft Visual Studio Solution File, Format Version 12.00
# Visual Studio Version 17
VisualStudioVersion = 17.0.32126.317
MinimumVisualStudioVersion = 10.0.40219.1
Project("{FAE04EC0-301F-11D3-BF4B-00C04F79EFBC}") = "AdderessBookProgram", "AdderessBookProgram.csproj", "{1FCFAD12-23F3-4221-AD9E-8C418017A18D}"
EndProject
Global
	GlobalSection(SolutionConfigurationPlatforms) = preSolution
		Debug|Any CPU = Debug|Any CPU
		Release|Any CPU = Release|Any CPU
	EndGlobalSection
	GlobalSection(ProjectConfigurationPlatforms) = postSolution
		{1FCFAD12-23F3-4221-AD9E-8C418017A18D}.Debug|Any CPU.ActiveCfg = Debug|Any CPU
		{1FCFAD12-23F3-4221-AD9E-8C418017A18D}.Debug|Any CPU.Build.0 = Debug|Any CPU
		{1FCFAD12-23F3-4221-AD9E-8C418017A18D}.Release|Any CPU.ActiveCfg = Release|Any CPU
		{1FCFAD12-23F3-4221-AD9E-8C418017A18D}.Release|Any CPU.Build.0 = Release|Any CPU
	EndGlobalSection
	GlobalSection(SolutionProperties) = preSolution
		HideSolutionNode = FALSE
	EndGlobalSection
	GlobalSection(ExtensibilityGlobals) = postSolution
		SolutionGuid = {670DDEB7-4CED-41E7-B283-A5532DE4DA5C}
	EndGlobalSection
EndGlobal
